
Microsoft Visual Studio Solution File, Format Version 12.00
# Visual Studio Version 16
VisualStudioVersion = 16.0.30114.105
MinimumVisualStudioVersion = 10.0.40219.1
Project("{FAE04EC0-301F-11D3-BF4B-00C04F79EFBC}") = "EjemploConversionA", "EjemploConversionA\EjemploConversionA.csproj", "{A8DCD7D5-257C-4F06-B6B9-53ACA350E156}"
EndProject
Global
	GlobalSection(SolutionConfigurationPlatforms) = preSolution
		Debug|Any CPU = Debug|Any CPU
		Release|Any CPU = Release|Any CPU
	EndGlobalSection
	GlobalSection(ProjectConfigurationPlatforms) = postSolution
		{A8DCD7D5-257C-4F06-B6B9-53ACA350E156}.Debug|Any CPU.ActiveCfg = Debug|Any CPU
		{A8DCD7D5-257C-4F06-B6B9-53ACA350E156}.Debug|Any CPU.Build.0 = Debug|Any CPU
		{A8DCD7D5-257C-4F06-B6B9-53ACA350E156}.Release|Any CPU.ActiveCfg = Release|Any CPU
		{A8DCD7D5-257C-4F06-B6B9-53ACA350E156}.Release|Any CPU.Build.0 = Release|Any CPU
	EndGlobalSection
	GlobalSection(SolutionProperties) = preSolution
		HideSolutionNode = FALSE
	EndGlobalSection
	GlobalSection(ExtensibilityGlobals) = postSolution
		SolutionGuid = {47516C14-2219-47AF-8D17-C16FD4BC8E79}
	EndGlobalSection
EndGlobal
